
Microsoft Visual Studio Solution File, Format Version 12.00
# Visual Studio Version 16
VisualStudioVersion = 16.0.30503.244
MinimumVisualStudioVersion = 10.0.40219.1
Project("{FAE04EC0-301F-11D3-BF4B-00C04F79EFBC}") = "PositiveOrNegative", "PositiveOrNegative\PositiveOrNegative.csproj", "{327DE19D-2B31-4254-A692-F0D50B4579F1}"
EndProject
Global
	GlobalSection(SolutionConfigurationPlatforms) = preSolution
		Debug|Any CPU = Debug|Any CPU
		Release|Any CPU = Release|Any CPU
	EndGlobalSection
	GlobalSection(ProjectConfigurationPlatforms) = postSolution
		{327DE19D-2B31-4254-A692-F0D50B4579F1}.Debug|Any CPU.ActiveCfg = Debug|Any CPU
		{327DE19D-2B31-4254-A692-F0D50B4579F1}.Debug|Any CPU.Build.0 = Debug|Any CPU
		{327DE19D-2B31-4254-A692-F0D50B4579F1}.Release|Any CPU.ActiveCfg = Release|Any CPU
		{327DE19D-2B31-4254-A692-F0D50B4579F1}.Release|Any CPU.Build.0 = Release|Any CPU
	EndGlobalSection
	GlobalSection(SolutionProperties) = preSolution
		HideSolutionNode = FALSE
	EndGlobalSection
	GlobalSection(ExtensibilityGlobals) = postSolution
		SolutionGuid = {0C23B1AF-CD34-4B1B-9FD6-6E49E990182F}
	EndGlobalSection
EndGlobal
