
Microsoft Visual Studio Solution File, Format Version 12.00
# Visual Studio Version 16
VisualStudioVersion = 16.0.30503.244
MinimumVisualStudioVersion = 10.0.40219.1
Project("{FAE04EC0-301F-11D3-BF4B-00C04F79EFBC}") = "MyString", "MyString\MyString.csproj", "{D1092E0F-2A34-4A69-874A-68969B8ECD44}"
EndProject
Global
	GlobalSection(SolutionConfigurationPlatforms) = preSolution
		Debug|Any CPU = Debug|Any CPU
		Release|Any CPU = Release|Any CPU
	EndGlobalSection
	GlobalSection(ProjectConfigurationPlatforms) = postSolution
		{D1092E0F-2A34-4A69-874A-68969B8ECD44}.Debug|Any CPU.ActiveCfg = Debug|Any CPU
		{D1092E0F-2A34-4A69-874A-68969B8ECD44}.Debug|Any CPU.Build.0 = Debug|Any CPU
		{D1092E0F-2A34-4A69-874A-68969B8ECD44}.Release|Any CPU.ActiveCfg = Release|Any CPU
		{D1092E0F-2A34-4A69-874A-68969B8ECD44}.Release|Any CPU.Build.0 = Release|Any CPU
	EndGlobalSection
	GlobalSection(SolutionProperties) = preSolution
		HideSolutionNode = FALSE
	EndGlobalSection
	GlobalSection(ExtensibilityGlobals) = postSolution
		SolutionGuid = {1AFD521D-AE42-4A0B-B2D1-A9C1CD57DDA3}
	EndGlobalSection
EndGlobal
